
Microsoft Visual Studio Solution File, Format Version 12.00
# Visual Studio Version 16
VisualStudioVersion = 16.0.30011.22
MinimumVisualStudioVersion = 10.0.40219.1
Project("{FAE04EC0-301F-11D3-BF4B-00C04F79EFBC}") = "FantasyFootball", "FantasyFootball.csproj", "{37F050B0-4F0B-42E1-9497-5776930B33DE}"
EndProject
Project("{D954291E-2A0B-460D-934E-DC6B0785DB48}") = "FantasyFootballShared", "FantasyFootballShared\FantasyFootballShared.shproj", "{F6699A38-C1F7-4A1E-89E8-9A59D08D30F5}"
EndProject
Global
	GlobalSection(SharedMSBuildProjectFiles) = preSolution
		FantasyFootballShared\FantasyFootballSQLDB.projitems*{37f050b0-4f0b-42e1-9497-5776930b33de}*SharedItemsImports = 4
		FantasyFootballShared\FantasyFootballSQLDB.projitems*{f6699a38-c1f7-4a1e-89e8-9a59d08d30f5}*SharedItemsImports = 13
	EndGlobalSection
	GlobalSection(SolutionConfigurationPlatforms) = preSolution
		Debug|Any CPU = Debug|Any CPU
		Release|Any CPU = Release|Any CPU
	EndGlobalSection
	GlobalSection(ProjectConfigurationPlatforms) = postSolution
		{37F050B0-4F0B-42E1-9497-5776930B33DE}.Debug|Any CPU.ActiveCfg = Debug|Any CPU
		{37F050B0-4F0B-42E1-9497-5776930B33DE}.Debug|Any CPU.Build.0 = Debug|Any CPU
		{37F050B0-4F0B-42E1-9497-5776930B33DE}.Debug|Any CPU.Deploy.0 = Debug|Any CPU
		{37F050B0-4F0B-42E1-9497-5776930B33DE}.Release|Any CPU.ActiveCfg = Release|Any CPU
		{37F050B0-4F0B-42E1-9497-5776930B33DE}.Release|Any CPU.Build.0 = Release|Any CPU
		{37F050B0-4F0B-42E1-9497-5776930B33DE}.Release|Any CPU.Deploy.0 = Release|Any CPU
	EndGlobalSection
	GlobalSection(SolutionProperties) = preSolution
		HideSolutionNode = FALSE
	EndGlobalSection
	GlobalSection(ExtensibilityGlobals) = postSolution
		SolutionGuid = {3F67EED6-C4D9-4D8C-A5B7-5FEFF853DF3F}
	EndGlobalSection
EndGlobal
